// !$*UTF8*$!
{
	archiveVersion = 1;
	classes = {
	};
	objectVersion = 56;
	objects = {

/* Begin PBXBuildFile section */
		1A0000000000000000000012 /* App.swift in Sources */ = {isa = PBXBuildFile; fileRef = 1A000000000000000000000C /* App.swift */; };
		1A0000000000000000000013 /* ContentView.swift in Sources */ = {isa = PBXBuildFile; fileRef = 1A000000000000000000000D /* ContentView.swift */; };
		1A0000000000000000000014 /* Assets.xcassets in Resources */ = {isa = PBXBuildFile; fileRef = 1A0000000000000000000010 /* Assets.xcassets */; };
		1A0000000000000000000020 /* TimerEngine.swift in Sources */ = {isa = PBXBuildFile; fileRef = 1A000000000000000000001E /* TimerEngine.swift */; };
		1A0000000000000000000021 /* Store.swift in Sources */ = {isa = PBXBuildFile; fileRef = 1A000000000000000000001F /* Store.swift */; };
		1A0000000000000000000023 /* sprites.json in Resources */ = {isa = PBXBuildFile; fileRef = 1A0000000000000000000022 /* sprites.json */; };
		1A0000000000000000000025 /* SpriteSheet.swift in Sources */ = {isa = PBXBuildFile; fileRef = 1A0000000000000000000024 /* SpriteSheet.swift */; };
		1A0000000000000000000027 /* SpriteView.swift in Sources */ = {isa = PBXBuildFile; fileRef = 1A0000000000000000000026 /* SpriteView.swift */; };
		1A0000000000000000000031 /* PixelifySans-Regular.ttf in Resources */ = {isa = PBXBuildFile; fileRef = 1A0000000000000000000028 /* PixelifySans-Regular.ttf */; };
		1A0000000000000000000032 /* PixelifySans-SemiBold.ttf in Resources */ = {isa = PBXBuildFile; fileRef = 1A0000000000000000000029 /* PixelifySans-SemiBold.ttf */; };
		1A0000000000000000000033 /* PixelifySans-Bold.ttf in Resources */ = {isa = PBXBuildFile; fileRef = 1A000000000000000000002A /* PixelifySans-Bold.ttf */; };
		1A0000000000000000000035 /* PixelifySans-Medium.ttf in Resources */ = {isa = PBXBuildFile; fileRef = 1A0000000000000000000034 /* PixelifySans-Medium.ttf */; };
		1A0000000000000000000037 /* DesignSystem.swift in Sources */ = {isa = PBXBuildFile; fileRef = 1A0000000000000000000036 /* DesignSystem.swift */; };
		1A0000000000000000000039 /* HeaderBar.swift in Sources */ = {isa = PBXBuildFile; fileRef = 1A0000000000000000000038 /* HeaderBar.swift */; };
		1A000000000000000000003B /* ScreenCard.swift in Sources */ = {isa = PBXBuildFile; fileRef = 1A000000000000000000003A /* ScreenCard.swift */; };
		1A000000000000000000003D /* BottomBar.swift in Sources */ = {isa = PBXBuildFile; fileRef = 1A000000000000000000003C /* BottomBar.swift */; };
		1A0000000000000000000040 /* m10.gif in Resources */ = {isa = PBXBuildFile; fileRef = 1A0000000000000000000041 /* m10.gif */; };
		1A0000000000000000000042 /* m50.gif in Resources */ = {isa = PBXBuildFile; fileRef = 1A0000000000000000000043 /* m50.gif */; };
		1A0000000000000000000044 /* m100.gif in Resources */ = {isa = PBXBuildFile; fileRef = 1A0000000000000000000045 /* m100.gif */; };
		1A0000000000000000000046 /* SceneCatalog.swift in Sources */ = {isa = PBXBuildFile; fileRef = 1A0000000000000000000047 /* SceneCatalog.swift */; };
		1A0000000000000000000048 /* AnimatedGIFView.swift in Sources */ = {isa = PBXBuildFile; fileRef = 1A0000000000000000000049 /* AnimatedGIFView.swift */; };
/* End PBXBuildFile section */

/* Begin PBXFileReference section */
		1A000000000000000000000C /* App.swift */ = {isa = PBXFileReference; lastKnownFileType = sourcecode.swift; path = App.swift; sourceTree = "<group>"; };
		1A000000000000000000000D /* ContentView.swift */ = {isa = PBXFileReference; lastKnownFileType = sourcecode.swift; path = ContentView.swift; sourceTree = "<group>"; };
		1A000000000000000000000E /* Info.plist */ = {isa = PBXFileReference; lastKnownFileType = text.plist.xml; path = Info.plist; sourceTree = "<group>"; };
		1A000000000000000000000F /* MousePomodoro.entitlements */ = {isa = PBXFileReference; lastKnownFileType = text.plist.entitlements; path = MousePomodoro.entitlements; sourceTree = "<group>"; };
		1A0000000000000000000010 /* Assets.xcassets */ = {isa = PBXFileReference; lastKnownFileType = folder.assetcatalog; path = Assets.xcassets; sourceTree = "<group>"; };
		1A0000000000000000000011 /* MousePomodoro.app */ = {isa = PBXFileReference; explicitFileType = wrapper.application; includeInIndex = 0; path = MousePomodoro.app; sourceTree = BUILT_PRODUCTS_DIR; };
		1A000000000000000000001E /* TimerEngine.swift */ = {isa = PBXFileReference; lastKnownFileType = sourcecode.swift; path = TimerEngine.swift; sourceTree = "<group>"; };
		1A000000000000000000001F /* Store.swift */ = {isa = PBXFileReference; lastKnownFileType = sourcecode.swift; path = Store.swift; sourceTree = "<group>"; };
		1A0000000000000000000022 /* sprites.json */ = {isa = PBXFileReference; lastKnownFileType = text.json; path = sprites.json; sourceTree = "<group>"; };
		1A0000000000000000000024 /* SpriteSheet.swift */ = {isa = PBXFileReference; lastKnownFileType = sourcecode.swift; path = SpriteSheet.swift; sourceTree = "<group>"; };
		1A0000000000000000000026 /* SpriteView.swift */ = {isa = PBXFileReference; lastKnownFileType = sourcecode.swift; path = SpriteView.swift; sourceTree = "<group>"; };
		1A0000000000000000000028 /* PixelifySans-Regular.ttf */ = {isa = PBXFileReference; lastKnownFileType = file; path = "PixelifySans-Regular.ttf"; sourceTree = "<group>"; };
		1A0000000000000000000029 /* PixelifySans-SemiBold.ttf */ = {isa = PBXFileReference; lastKnownFileType = file; path = "PixelifySans-SemiBold.ttf"; sourceTree = "<group>"; };
		1A000000000000000000002A /* PixelifySans-Bold.ttf */ = {isa = PBXFileReference; lastKnownFileType = file; path = "PixelifySans-Bold.ttf"; sourceTree = "<group>"; };
		1A0000000000000000000034 /* PixelifySans-Medium.ttf */ = {isa = PBXFileReference; lastKnownFileType = file; path = "PixelifySans-Medium.ttf"; sourceTree = "<group>"; };
		1A0000000000000000000036 /* DesignSystem.swift */ = {isa = PBXFileReference; lastKnownFileType = sourcecode.swift; path = DesignSystem.swift; sourceTree = "<group>"; };
		1A0000000000000000000038 /* HeaderBar.swift */ = {isa = PBXFileReference; lastKnownFileType = sourcecode.swift; path = HeaderBar.swift; sourceTree = "<group>"; };
		1A000000000000000000003A /* ScreenCard.swift */ = {isa = PBXFileReference; lastKnownFileType = sourcecode.swift; path = ScreenCard.swift; sourceTree = "<group>"; };
		1A000000000000000000003C /* BottomBar.swift */ = {isa = PBXFileReference; lastKnownFileType = sourcecode.swift; path = BottomBar.swift; sourceTree = "<group>"; };
		1A0000000000000000000041 /* m10.gif */ = {isa = PBXFileReference; lastKnownFileType = image.gif; path = m10.gif; sourceTree = "<group>"; };
		1A0000000000000000000043 /* m50.gif */ = {isa = PBXFileReference; lastKnownFileType = image.gif; path = m50.gif; sourceTree = "<group>"; };
		1A0000000000000000000045 /* m100.gif */ = {isa = PBXFileReference; lastKnownFileType = image.gif; path = m100.gif; sourceTree = "<group>"; };
		1A0000000000000000000047 /* SceneCatalog.swift */ = {isa = PBXFileReference; lastKnownFileType = sourcecode.swift; path = SceneCatalog.swift; sourceTree = "<group>"; };
		1A0000000000000000000049 /* AnimatedGIFView.swift */ = {isa = PBXFileReference; lastKnownFileType = sourcecode.swift; path = AnimatedGIFView.swift; sourceTree = "<group>"; };
/* End PBXFileReference section */

/* Begin PBXFrameworksBuildPhase section */
		1A0000000000000000000017 /* Frameworks */ = {
			isa = PBXFrameworksBuildPhase;
			buildActionMask = 2147483647;
			files = (
			);
			runOnlyForDeploymentPostprocessing = 0;
		};
/* End PBXFrameworksBuildPhase section */

/* Begin PBXGroup section */
		1A0000000000000000000003 /* Products */ = {
			isa = PBXGroup;
			children = (
				1A0000000000000000000011 /* MousePomodoro.app */,
			);
			name = Products;
			sourceTree = "<group>";
		};
		1A0000000000000000000004 = {
			isa = PBXGroup;
			children = (
				1A0000000000000000000005 /* MousePomodoro */,
				1A0000000000000000000003 /* Products */,
			);
			sourceTree = "<group>";
		};
		1A0000000000000000000005 /* MousePomodoro */ = {
			isa = PBXGroup;
			children = (
				1A000000000000000000000C /* App.swift */,
				1A000000000000000000000D /* ContentView.swift */,
				1A000000000000000000001E /* TimerEngine.swift */,
				1A000000000000000000001F /* Store.swift */,
				1A0000000000000000000024 /* SpriteSheet.swift */,
				1A0000000000000000000026 /* SpriteView.swift */,
				1A0000000000000000000036 /* DesignSystem.swift */,
				1A0000000000000000000038 /* HeaderBar.swift */,
				1A000000000000000000003A /* ScreenCard.swift */,
				1A000000000000000000003C /* BottomBar.swift */,
				1A0000000000000000000047 /* SceneCatalog.swift */,
				1A0000000000000000000049 /* AnimatedGIFView.swift */,
				1A0000000000000000000022 /* sprites.json */,
				1A000000000000000000002B /* Fonts */,
				1A000000000000000000004A /* Milestones */,
				1A0000000000000000000010 /* Assets.xcassets */,
				1A000000000000000000000E /* Info.plist */,
				1A000000000000000000000F /* MousePomodoro.entitlements */,
			);
			path = MousePomodoro;
			sourceTree = "<group>";
		};
		1A000000000000000000002B /* Fonts */ = {
			isa = PBXGroup;
			children = (
				1A0000000000000000000028 /* PixelifySans-Regular.ttf */,
				1A0000000000000000000029 /* PixelifySans-SemiBold.ttf */,
				1A000000000000000000002A /* PixelifySans-Bold.ttf */,
				1A0000000000000000000034 /* PixelifySans-Medium.ttf */,
			);
			path = Fonts;
			sourceTree = "<group>";
		};
		1A000000000000000000004A /* Milestones */ = {
			isa = PBXGroup;
			children = (
				1A0000000000000000000041 /* m10.gif */,
				1A0000000000000000000043 /* m50.gif */,
				1A0000000000000000000045 /* m100.gif */,
			);
			path = Milestones;
			sourceTree = "<group>";
		};
/* End PBXGroup section */

/* Begin PBXNativeTarget section */
		1A0000000000000000000002 /* MousePomodoro */ = {
			isa = PBXNativeTarget;
			buildConfigurationList = 1A0000000000000000000007 /* Build configuration list for PBXNativeTarget "MousePomodoro" */;
			buildPhases = (
				1A0000000000000000000015 /* Sources */,
				1A0000000000000000000017 /* Frameworks */,
				1A0000000000000000000016 /* Resources */,
			);
			buildRules = (
			);
			dependencies = (
			);
			name = MousePomodoro;
			productName = MousePomodoro;
			productReference = 1A0000000000000000000011 /* MousePomodoro.app */;
			productType = "com.apple.product-type.application";
		};
/* End PBXNativeTarget section */

/* Begin PBXProject section */
		1A0000000000000000000001 /* Project object */ = {
			isa = PBXProject;
			attributes = {
				BuildIndependentTargetsInParallel = 1;
				LastSwiftUpdateCheck = 1500;
				LastUpgradeCheck = 2700;
				TargetAttributes = {
					1A0000000000000000000002 = {
						CreatedOnToolsVersion = 15.0;
					};
				};
			};
			buildConfigurationList = 1A0000000000000000000006 /* Build configuration list for PBXProject "MousePomodoro" */;
			compatibilityVersion = "Xcode 14.0";
			developmentRegion = en;
			hasScannedForEncodings = 0;
			knownRegions = (
				en,
				Base,
			);
			mainGroup = 1A0000000000000000000004;
			productRefGroup = 1A0000000000000000000003 /* Products */;
			projectDirPath = "";
			projectRoot = "";
			targets = (
				1A0000000000000000000002 /* MousePomodoro */,
			);
		};
/* End PBXProject section */

/* Begin PBXResourcesBuildPhase section */
		1A0000000000000000000016 /* Resources */ = {
			isa = PBXResourcesBuildPhase;
			buildActionMask = 2147483647;
			files = (
				1A0000000000000000000014 /* Assets.xcassets in Resources */,
				1A0000000000000000000023 /* sprites.json in Resources */,
				1A0000000000000000000031 /* PixelifySans-Regular.ttf in Resources */,
				1A0000000000000000000032 /* PixelifySans-SemiBold.ttf in Resources */,
				1A0000000000000000000033 /* PixelifySans-Bold.ttf in Resources */,
				1A0000000000000000000035 /* PixelifySans-Medium.ttf in Resources */,
				1A0000000000000000000040 /* m10.gif in Resources */,
				1A0000000000000000000042 /* m50.gif in Resources */,
				1A0000000000000000000044 /* m100.gif in Resources */,
			);
			runOnlyForDeploymentPostprocessing = 0;
		};
/* End PBXResourcesBuildPhase section */

/* Begin PBXSourcesBuildPhase section */
		1A0000000000000000000015 /* Sources */ = {
			isa = PBXSourcesBuildPhase;
			buildActionMask = 2147483647;
			files = (
				1A0000000000000000000012 /* App.swift in Sources */,
				1A0000000000000000000013 /* ContentView.swift in Sources */,
				1A0000000000000000000020 /* TimerEngine.swift in Sources */,
				1A0000000000000000000021 /* Store.swift in Sources */,
				1A0000000000000000000025 /* SpriteSheet.swift in Sources */,
				1A0000000000000000000027 /* SpriteView.swift in Sources */,
				1A0000000000000000000037 /* DesignSystem.swift in Sources */,
				1A0000000000000000000039 /* HeaderBar.swift in Sources */,
				1A000000000000000000003B /* ScreenCard.swift in Sources */,
				1A000000000000000000003D /* BottomBar.swift in Sources */,
				1A0000000000000000000046 /* SceneCatalog.swift in Sources */,
				1A0000000000000000000048 /* AnimatedGIFView.swift in Sources */,
			);
			runOnlyForDeploymentPostprocessing = 0;
		};
/* End PBXSourcesBuildPhase section */

/* Begin XCBuildConfiguration section */
		1A0000000000000000000008 /* Debug */ = {
			isa = XCBuildConfiguration;
			buildSettings = {
				ALWAYS_SEARCH_USER_PATHS = NO;
				CLANG_ANALYZER_NONNULL = YES;
				CLANG_ANALYZER_NUMBER_OBJECT_CONVERSION = YES_AGGRESSIVE;
				CLANG_ENABLE_MODULES = YES;
				CLANG_ENABLE_OBJC_ARC = YES;
				CLANG_ENABLE_OBJC_WEAK = YES;
				CLANG_WARN_BLOCK_CAPTURE_AUTORELEASING = YES;
				CLANG_WARN_BOOL_CONVERSION = YES;
				CLANG_WARN_COMMA = YES;
				CLANG_WARN_CONSTANT_CONVERSION = YES;
				CLANG_WARN_DEPRECATED_OBJC_IMPLEMENTATIONS = YES;
				CLANG_WARN_DOCUMENTATION_COMMENTS = YES;
				CLANG_WARN_EMPTY_BODY = YES;
				CLANG_WARN_ENUM_CONVERSION = YES;
				CLANG_WARN_INFINITE_RECURSION = YES;
				CLANG_WARN_INT_CONVERSION = YES;
				CLANG_WARN_NON_LITERAL_NULL_CONVERSION = YES;
				CLANG_WARN_OBJC_IMPLICIT_RETAIN_SELF = YES;
				CLANG_WARN_OBJC_LITERAL_CONVERSION = YES;
				CLANG_WARN_QUOTED_INCLUDE_IN_FRAMEWORK_HEADER = YES;
				CLANG_WARN_RANGE_LOOP_ANALYSIS = YES;
				CLANG_WARN_STRICT_PROTOTYPES = YES;
				CLANG_WARN_SUSPICIOUS_MOVE = YES;
				CLANG_WARN_UNGUARDED_AVAILABILITY = YES_AGGRESSIVE;
				CLANG_WARN_UNREACHABLE_CODE = YES;
				CLANG_WARN__DUPLICATE_METHOD_MATCH = YES;
				COPY_PHASE_STRIP = NO;
				DEAD_CODE_STRIPPING = YES;
				DEBUG_INFORMATION_FORMAT = dwarf;
				ENABLE_STRICT_OBJC_MSGSEND = YES;
				ENABLE_TESTABILITY = YES;
				ENABLE_USER_SCRIPT_SANDBOXING = YES;
				GCC_C_LANGUAGE_STANDARD = gnu17;
				GCC_DYNAMIC_NO_PIC = NO;
				GCC_NO_COMMON_BLOCKS = YES;
				GCC_OPTIMIZATION_LEVEL = 0;
				GCC_PREPROCESSOR_DEFINITIONS = (
					"DEBUG=1",
					"$(inherited)",
				);
				GCC_WARN_64_TO_32_BIT_CONVERSION = YES;
				GCC_WARN_ABOUT_RETURN_TYPE = YES;
				GCC_WARN_UNDECLARED_SELECTOR = YES;
				GCC_WARN_UNINITIALIZED_AUTOS = YES;
				GCC_WARN_UNUSED_FUNCTION = YES;
				GCC_WARN_UNUSED_VARIABLE = YES;
				MACOSX_DEPLOYMENT_TARGET = 13.0;
				MTL_ENABLE_DEBUG_INFO = INCLUDE_SOURCE;
				MTL_FAST_MATH = YES;
				ONLY_ACTIVE_ARCH = YES;
				SDKROOT = macosx;
				STRING_CATALOG_GENERATE_SYMBOLS = YES;
				SWIFT_ACTIVE_COMPILATION_CONDITIONS = DEBUG;
				SWIFT_OPTIMIZATION_LEVEL = "-Onone";
				SWIFT_VERSION = 5.0;
			};
			name = Debug;
		};
		1A0000000000000000000009 /* Release */ = {
			isa = XCBuildConfiguration;
			buildSettings = {
				ALWAYS_SEARCH_USER_PATHS = NO;
				CLANG_ANALYZER_NONNULL = YES;
				CLANG_ANALYZER_NUMBER_OBJECT_CONVERSION = YES_AGGRESSIVE;
				CLANG_ENABLE_MODULES = YES;
				CLANG_ENABLE_OBJC_ARC = YES;
				CLANG_ENABLE_OBJC_WEAK = YES;
				CLANG_WARN_BLOCK_CAPTURE_AUTORELEASING = YES;
				CLANG_WARN_BOOL_CONVERSION = YES;
				CLANG_WARN_COMMA = YES;
				CLANG_WARN_CONSTANT_CONVERSION = YES;
				CLANG_WARN_DEPRECATED_OBJC_IMPLEMENTATIONS = YES;
				CLANG_WARN_DOCUMENTATION_COMMENTS = YES;
				CLANG_WARN_EMPTY_BODY = YES;
				CLANG_WARN_ENUM_CONVERSION = YES;
				CLANG_WARN_INFINITE_RECURSION = YES;
				CLANG_WARN_INT_CONVERSION = YES;
				CLANG_WARN_NON_LITERAL_NULL_CONVERSION = YES;
				CLANG_WARN_OBJC_IMPLICIT_RETAIN_SELF = YES;
				CLANG_WARN_OBJC_LITERAL_CONVERSION = YES;
				CLANG_WARN_QUOTED_INCLUDE_IN_FRAMEWORK_HEADER = YES;
				CLANG_WARN_RANGE_LOOP_ANALYSIS = YES;
				CLANG_WARN_STRICT_PROTOTYPES = YES;
				CLANG_WARN_SUSPICIOUS_MOVE = YES;
				CLANG_WARN_UNGUARDED_AVAILABILITY = YES_AGGRESSIVE;
				CLANG_WARN_UNREACHABLE_CODE = YES;
				CLANG_WARN__DUPLICATE_METHOD_MATCH = YES;
				COPY_PHASE_STRIP = NO;
				DEAD_CODE_STRIPPING = YES;
				DEBUG_INFORMATION_FORMAT = "dwarf-with-dsym";
				ENABLE_NS_ASSERTIONS = NO;
				ENABLE_STRICT_OBJC_MSGSEND = YES;
				ENABLE_USER_SCRIPT_SANDBOXING = YES;
				GCC_C_LANGUAGE_STANDARD = gnu17;
				GCC_NO_COMMON_BLOCKS = YES;
				GCC_WARN_64_TO_32_BIT_CONVERSION = YES;
				GCC_WARN_ABOUT_RETURN_TYPE = YES;
				GCC_WARN_UNDECLARED_SELECTOR = YES;
				GCC_WARN_UNINITIALIZED_AUTOS = YES;
				GCC_WARN_UNUSED_FUNCTION = YES;
				GCC_WARN_UNUSED_VARIABLE = YES;
				MACOSX_DEPLOYMENT_TARGET = 13.0;
				MTL_ENABLE_DEBUG_INFO = NO;
				MTL_FAST_MATH = YES;
				SDKROOT = macosx;
				STRING_CATALOG_GENERATE_SYMBOLS = YES;
				SWIFT_COMPILATION_MODE = wholemodule;
				SWIFT_OPTIMIZATION_LEVEL = "-O";
				SWIFT_VERSION = 5.0;
			};
			name = Release;
		};
		1A000000000000000000000A /* Debug */ = {
			isa = XCBuildConfiguration;
			buildSettings = {
				ASSETCATALOG_COMPILER_APPICON_NAME = AppIcon;
				ASSETCATALOG_COMPILER_GLOBAL_ACCENT_COLOR_NAME = AccentColor;
				CODE_SIGN_ENTITLEMENTS = MousePomodoro/MousePomodoro.entitlements;
				CODE_SIGN_STYLE = Automatic;
				COMBINE_HIDPI_IMAGES = YES;
				CURRENT_PROJECT_VERSION = 1;
				DEAD_CODE_STRIPPING = YES;
				DEVELOPMENT_TEAM = 8VQQ8JN5VJ;
				ENABLE_HARDENED_RUNTIME = YES;
				ENABLE_PREVIEWS = YES;
				GENERATE_INFOPLIST_FILE = NO;
				INFOPLIST_FILE = MousePomodoro/Info.plist;
				INFOPLIST_KEY_LSUIElement = YES;
				LD_RUNPATH_SEARCH_PATHS = (
					"$(inherited)",
					"@executable_path/../Frameworks",
				);
				MACOSX_DEPLOYMENT_TARGET = "$(RECOMMENDED_MACOSX_DEPLOYMENT_TARGET)";
				MARKETING_VERSION = 1.0;
				PRODUCT_BUNDLE_IDENTIFIER = com.soheeplays.MousePomodoro;
				PRODUCT_NAME = "$(TARGET_NAME)";
				SWIFT_EMIT_LOC_STRINGS = YES;
				SWIFT_VERSION = 5.0;
			};
			name = Debug;
		};
		1A000000000000000000000B /* Release */ = {
			isa = XCBuildConfiguration;
			buildSettings = {
				ASSETCATALOG_COMPILER_APPICON_NAME = AppIcon;
				ASSETCATALOG_COMPILER_GLOBAL_ACCENT_COLOR_NAME = AccentColor;
				CODE_SIGN_ENTITLEMENTS = MousePomodoro/MousePomodoro.entitlements;
				CODE_SIGN_STYLE = Automatic;
				COMBINE_HIDPI_IMAGES = YES;
				CURRENT_PROJECT_VERSION = 1;
				DEAD_CODE_STRIPPING = YES;
				DEVELOPMENT_TEAM = 8VQQ8JN5VJ;
				ENABLE_HARDENED_RUNTIME = YES;
				ENABLE_PREVIEWS = YES;
				GENERATE_INFOPLIST_FILE = NO;
				INFOPLIST_FILE = MousePomodoro/Info.plist;
				INFOPLIST_KEY_LSUIElement = YES;
				LD_RUNPATH_SEARCH_PATHS = (
					"$(inherited)",
					"@executable_path/../Frameworks",
				);
				MACOSX_DEPLOYMENT_TARGET = "$(RECOMMENDED_MACOSX_DEPLOYMENT_TARGET)";
				MARKETING_VERSION = 1.0;
				PRODUCT_BUNDLE_IDENTIFIER = com.soheeplays.MousePomodoro;
				PRODUCT_NAME = "$(TARGET_NAME)";
				SWIFT_EMIT_LOC_STRINGS = YES;
				SWIFT_VERSION = 5.0;
			};
			name = Release;
		};
/* End XCBuildConfiguration section */

/* Begin XCConfigurationList section */
		1A0000000000000000000006 /* Build configuration list for PBXProject "MousePomodoro" */ = {
			isa = XCConfigurationList;
			buildConfigurations = (
				1A0000000000000000000008 /* Debug */,
				1A0000000000000000000009 /* Release */,
			);
			defaultConfigurationIsVisible = 0;
			defaultConfigurationName = Release;
		};
		1A0000000000000000000007 /* Build configuration list for PBXNativeTarget "MousePomodoro" */ = {
			isa = XCConfigurationList;
			buildConfigurations = (
				1A000000000000000000000A /* Debug */,
				1A000000000000000000000B /* Release */,
			);
			defaultConfigurationIsVisible = 0;
			defaultConfigurationName = Release;
		};
/* End XCConfigurationList section */
	};
	rootObject = 1A0000000000000000000001 /* Project object */;
}
